PODS:
  - Alamofire (5.2.2)
  - Cache (6.0.0)
  - camera_avfoundation (0.0.1):
    - Flutter
  - cc_plugin (0.0.6):
    - FBSDKShareKit
    - Flutter
    - ZaloSDK
  - connectivity_plus (0.0.1):
    - Flutter
    - ReachabilitySwift
  - device_info_plus (0.0.1):
    - Flutter
  - DKImagePickerController/Core (4.3.9):
    - DKImagePickerController/ImageDataManager
    - DKImagePickerController/Resource
  - DKImagePickerController/ImageDataManager (4.3.9)
  - DKImagePickerController/PhotoGallery (4.3.9):
    - DKImagePickerController/Core
    - DKPhotoGallery
  - DKImagePickerController/Resource (4.3.9)
  - DKPhotoGallery (0.0.19):
    - DKPhotoGallery/Core (= 0.0.19)
    - DKPhotoGallery/Model (= 0.0.19)
    - DKPhotoGallery/Preview (= 0.0.19)
    - DKPhotoGallery/Resource (= 0.0.19)
    - SDWebImage
    - SwiftyGif
  - DKPhotoGallery/Core (0.0.19):
    - DKPhotoGallery/Model
    - DKPhotoGallery/Preview
    - SDWebImage
    - SwiftyGif
  - DKPhotoGallery/Model (0.0.19):
    - SDWebImage
    - SwiftyGif
  - DKPhotoGallery/Preview (0.0.19):
    - DKPhotoGallery/Model
    - DKPhotoGallery/Resource
    - SDWebImage
    - SwiftyGif
  - DKPhotoGallery/Resource (0.0.19):
    - SDWebImage
    - SwiftyGif
  - FBAEMKit (18.0.0):
    - FBSDKCoreKit_Basics (= 18.0.0)
  - FBSDKCoreKit (18.0.0):
    - FBAEMKit (= 18.0.0)
    - FBSDKCoreKit_Basics (= 18.0.0)
  - FBSDKCoreKit_Basics (18.0.0)
  - FBSDKShareKit (18.0.0):
    - FBSDKCoreKit (= 18.0.0)
  - file_picker (0.0.1):
    - DKImagePickerController/PhotoGallery
    - Flutter
  - Flutter (1.0.0)
  - flutter_image_compress_common (1.0.0):
    - Flutter
    - Mantle
    - SDWebImage
    - SDWebImageWebPCoder
  - flutter_keyboard_visibility (0.0.1):
    - Flutter
  - flutter_mailer (0.0.1):
    - Flutter
  - flutter_share (0.0.1):
    - Flutter
  - flutter_uploader (1.2.0):
    - Alamofire (= 5.2.2)
    - Flutter
  - fluttertoast (0.0.2):
    - Flutter
    - Toast
  - gallery_saver_plus (0.0.1):
    - Flutter
  - GCDWebServer (3.5.4):
    - GCDWebServer/Core (= 3.5.4)
  - GCDWebServer/Core (3.5.4)
  - geolocator_apple (1.2.0):
    - Flutter
  - gl_canvas (0.0.1):
    - Flutter
  - Google-Maps-iOS-Utils (5.0.0):
    - GoogleMaps (~> 8.0)
  - google_maps_flutter_ios (0.0.1):
    - Flutter
    - Google-Maps-iOS-Utils (< 7.0, >= 5.0)
    - GoogleMaps (< 10.0, >= 8.4)
  - GoogleMaps (8.4.0):
    - GoogleMaps/Maps (= 8.4.0)
  - GoogleMaps/Base (8.4.0)
  - GoogleMaps/Maps (8.4.0):
    - GoogleMaps/Base
  - HLSCachingReverseProxyServer (0.1.0):
    - GCDWebServer (~> 3.5)
    - PINCache (>= 3.0.1-beta.3)
  - iamport_webview_flutter (0.0.1):
    - Flutter
  - image_gallery_saver (2.0.2):
    - Flutter
  - image_picker_ios (0.0.1):
    - Flutter
  - keyboard_utils (0.0.1):
    - Flutter
  - libwebp (1.5.0):
    - libwebp/demux (= 1.5.0)
    - libwebp/mux (= 1.5.0)
    - libwebp/sharpyuv (= 1.5.0)
    - libwebp/webp (= 1.5.0)
  - libwebp/demux (1.5.0):
    - libwebp/webp
  - libwebp/mux (1.5.0):
    - libwebp/demux
  - libwebp/sharpyuv (1.5.0)
  - libwebp/webp (1.5.0):
    - libwebp/sharpyuv
  - livetalk_sdk (0.0.1):
    - Flutter
  - local_auth_darwin (0.0.1):
    - Flutter
    - FlutterMacOS
  - Mantle (2.2.0):
    - Mantle/extobjc (= 2.2.0)
  - Mantle/extobjc (2.2.0)
  - omicall_flutter_plugin (0.0.1):
    - Flutter
    - OmiKit (= 1.5.75)
  - OmiKit (1.5.75)
  - package_info_plus (0.4.5):
    - Flutter
  - path_provider_foundation (0.0.1):
    - Flutter
    - FlutterMacOS
  - permission_handler_apple (9.1.1):
    - Flutter
  - PINCache (3.0.4):
    - PINCache/Arc-exception-safe (= 3.0.4)
    - PINCache/Core (= 3.0.4)
  - PINCache/Arc-exception-safe (3.0.4):
    - PINCache/Core
  - PINCache/Core (3.0.4):
    - PINOperation (~> 1.2.3)
  - PINOperation (1.2.3)
  - pip_flutter (0.0.3):
    - Cache (~> 6.0.0)
    - Flutter
    - HLSCachingReverseProxyServer
  - ReachabilitySwift (5.2.4)
  - SDWebImage (5.21.0):
    - SDWebImage/Core (= 5.21.0)
  - SDWebImage/Core (5.21.0)
  - SDWebImageWebPCoder (0.14.6):
    - libwebp (~> 1.0)
    - SDWebImage/Core (~> 5.17)
  - shared_preferences_foundation (0.0.1):
    - Flutter
    - FlutterMacOS
  - sqflite_darwin (0.0.4):
    - Flutter
    - FlutterMacOS
  - SwiftyGif (5.4.5)
  - Toast (4.1.1)
  - url_launcher_ios (0.0.1):
    - Flutter
  - video_compress (0.3.0):
    - Flutter
  - video_player_avfoundation (0.0.1):
    - Flutter
    - FlutterMacOS
  - video_thumbnail (0.0.1):
    - Flutter
    - libwebp
  - wakelock_plus (0.0.1):
    - Flutter
  - workmanager (0.0.1):
    - Flutter
  - ZaloSDK (4.1.0120):
    - ZaloSDK/Core (= 4.1.0120)
    - ZaloSDK/Main (= 4.1.0120)
  - ZaloSDK/Core (4.1.0120)
  - ZaloSDK/Main (4.1.0120):
    - ZaloSDK/Core

DEPENDENCIES:
  - camera_avfoundation (from `.symlinks/plugins/camera_avfoundation/ios`)
  - cc_plugin (from `.symlinks/plugins/cc_plugin/ios`)
  - connectivity_plus (from `.symlinks/plugins/connectivity_plus/ios`)
  - device_info_plus (from `.symlinks/plugins/device_info_plus/ios`)
  - file_picker (from `.symlinks/plugins/file_picker/ios`)
  - Flutter (from `Flutter`)
  - flutter_image_compress_common (from `.symlinks/plugins/flutter_image_compress_common/ios`)
  - flutter_keyboard_visibility (from `.symlinks/plugins/flutter_keyboard_visibility/ios`)
  - flutter_mailer (from `.symlinks/plugins/flutter_mailer/ios`)
  - flutter_share (from `.symlinks/plugins/flutter_share/ios`)
  - flutter_uploader (from `.symlinks/plugins/flutter_uploader/ios`)
  - fluttertoast (from `.symlinks/plugins/fluttertoast/ios`)
  - gallery_saver_plus (from `.symlinks/plugins/gallery_saver_plus/ios`)
  - geolocator_apple (from `.symlinks/plugins/geolocator_apple/ios`)
  - gl_canvas (from `.symlinks/plugins/gl_canvas/ios`)
  - google_maps_flutter_ios (from `.symlinks/plugins/google_maps_flutter_ios/ios`)
  - iamport_webview_flutter (from `.symlinks/plugins/iamport_webview_flutter/ios`)
  - image_gallery_saver (from `.symlinks/plugins/image_gallery_saver/ios`)
  - image_picker_ios (from `.symlinks/plugins/image_picker_ios/ios`)
  - keyboard_utils (from `.symlinks/plugins/keyboard_utils/ios`)
  - livetalk_sdk (from `.symlinks/plugins/livetalk_sdk/ios`)
  - local_auth_darwin (from `.symlinks/plugins/local_auth_darwin/darwin`)
  - omicall_flutter_plugin (from `.symlinks/plugins/omicall_flutter_plugin/ios`)
  - package_info_plus (from `.symlinks/plugins/package_info_plus/ios`)
  - path_provider_foundation (from `.symlinks/plugins/path_provider_foundation/darwin`)
  - permission_handler_apple (from `.symlinks/plugins/permission_handler_apple/ios`)
  - pip_flutter (from `.symlinks/plugins/pip_flutter/ios`)
  - shared_preferences_foundation (from `.symlinks/plugins/shared_preferences_foundation/darwin`)
  - sqflite_darwin (from `.symlinks/plugins/sqflite_darwin/darwin`)
  - url_launcher_ios (from `.symlinks/plugins/url_launcher_ios/ios`)
  - video_compress (from `.symlinks/plugins/video_compress/ios`)
  - video_player_avfoundation (from `.symlinks/plugins/video_player_avfoundation/darwin`)
  - video_thumbnail (from `.symlinks/plugins/video_thumbnail/ios`)
  - wakelock_plus (from `.symlinks/plugins/wakelock_plus/ios`)
  - workmanager (from `.symlinks/plugins/workmanager/ios`)

SPEC REPOS:
  trunk:
    - Alamofire
    - Cache
    - DKImagePickerController
    - DKPhotoGallery
    - FBAEMKit
    - FBSDKCoreKit
    - FBSDKCoreKit_Basics
    - FBSDKShareKit
    - GCDWebServer
    - Google-Maps-iOS-Utils
    - GoogleMaps
    - HLSCachingReverseProxyServer
    - libwebp
    - Mantle
    - OmiKit
    - PINCache
    - PINOperation
    - ReachabilitySwift
    - SDWebImage
    - SDWebImageWebPCoder
    - SwiftyGif
    - Toast
    - ZaloSDK

EXTERNAL SOURCES:
  camera_avfoundation:
    :path: ".symlinks/plugins/camera_avfoundation/ios"
  cc_plugin:
    :path: ".symlinks/plugins/cc_plugin/ios"
  connectivity_plus:
    :path: ".symlinks/plugins/connectivity_plus/ios"
  device_info_plus:
    :path: ".symlinks/plugins/device_info_plus/ios"
  file_picker:
    :path: ".symlinks/plugins/file_picker/ios"
  Flutter:
    :path: Flutter
  flutter_image_compress_common:
    :path: ".symlinks/plugins/flutter_image_compress_common/ios"
  flutter_keyboard_visibility:
    :path: ".symlinks/plugins/flutter_keyboard_visibility/ios"
  flutter_mailer:
    :path: ".symlinks/plugins/flutter_mailer/ios"
  flutter_share:
    :path: ".symlinks/plugins/flutter_share/ios"
  flutter_uploader:
    :path: ".symlinks/plugins/flutter_uploader/ios"
  fluttertoast:
    :path: ".symlinks/plugins/fluttertoast/ios"
  gallery_saver_plus:
    :path: ".symlinks/plugins/gallery_saver_plus/ios"
  geolocator_apple:
    :path: ".symlinks/plugins/geolocator_apple/ios"
  gl_canvas:
    :path: ".symlinks/plugins/gl_canvas/ios"
  google_maps_flutter_ios:
    :path: ".symlinks/plugins/google_maps_flutter_ios/ios"
  iamport_webview_flutter:
    :path: ".symlinks/plugins/iamport_webview_flutter/ios"
  image_gallery_saver:
    :path: ".symlinks/plugins/image_gallery_saver/ios"
  image_picker_ios:
    :path: ".symlinks/plugins/image_picker_ios/ios"
  keyboard_utils:
    :path: ".symlinks/plugins/keyboard_utils/ios"
  livetalk_sdk:
    :path: ".symlinks/plugins/livetalk_sdk/ios"
  local_auth_darwin:
    :path: ".symlinks/plugins/local_auth_darwin/darwin"
  omicall_flutter_plugin:
    :path: ".symlinks/plugins/omicall_flutter_plugin/ios"
  package_info_plus:
    :path: ".symlinks/plugins/package_info_plus/ios"
  path_provider_foundation:
    :path: ".symlinks/plugins/path_provider_foundation/darwin"
  permission_handler_apple:
    :path: ".symlinks/plugins/permission_handler_apple/ios"
  pip_flutter:
    :path: ".symlinks/plugins/pip_flutter/ios"
  shared_preferences_foundation:
    :path: ".symlinks/plugins/shared_preferences_foundation/darwin"
  sqflite_darwin:
    :path: ".symlinks/plugins/sqflite_darwin/darwin"
  url_launcher_ios:
    :path: ".symlinks/plugins/url_launcher_ios/ios"
  video_compress:
    :path: ".symlinks/plugins/video_compress/ios"
  video_player_avfoundation:
    :path: ".symlinks/plugins/video_player_avfoundation/darwin"
  video_thumbnail:
    :path: ".symlinks/plugins/video_thumbnail/ios"
  wakelock_plus:
    :path: ".symlinks/plugins/wakelock_plus/ios"
  workmanager:
    :path: ".symlinks/plugins/workmanager/ios"

SPEC CHECKSUMS:
  Alamofire: 814429acc853c6c54ff123fc3d2ef66803823ce0
  Cache: 4ca7e00363fca5455f26534e5607634c820ffc2d
  camera_avfoundation: 04b44aeb14070126c6529e5ab82cc7c9fca107cf
  cc_plugin: d32b2e547b7d382c0291b50b271b3b66e1f55e35
  connectivity_plus: 8443422d4c5a53dee0d50779ec5dbcda1071251e
  device_info_plus: 335f3ce08d2e174b9fdc3db3db0f4e3b1f66bd89
  DKImagePickerController: 946cec48c7873164274ecc4624d19e3da4c1ef3c
  DKPhotoGallery: b3834fecb755ee09a593d7c9e389d8b5d6deed60
  FBAEMKit: e34530df538b8eb8aeb53c35867715ba6c63ef0c
  FBSDKCoreKit: d3f479a69127acebb1c6aad91c1a33907bcf6c2f
  FBSDKCoreKit_Basics: 017b6dc2a1862024815a8229e75661e627ac1e29
  FBSDKShareKit: 082d1b087d6481af36f8d8433542f25f2fc2c8dd
  file_picker: a0560bc09d61de87f12d246fc47d2119e6ef37be
  Flutter: e0871f40cf51350855a761d2e70bf5af5b9b5de7
  flutter_image_compress_common: 1697a328fd72bfb335507c6bca1a65fa5ad87df1
  flutter_keyboard_visibility: 4625131e43015dbbe759d9b20daaf77e0e3f6619
  flutter_mailer: 3a8cd4f36c960fb04528d5471097270c19fec1c4
  flutter_share: 5a4282210b5f6fbc1d4185a4cc1f54644f32ff32
  flutter_uploader: 584366b7a28d78e0679521c59af2e8bbb7fa7216
  fluttertoast: 294ad8b4b83f149520f7c13484770323c54df109
  gallery_saver_plus: 5df8785e67a134209601f665cd12317ce174186f
  GCDWebServer: 2c156a56c8226e2d5c0c3f208a3621ccffbe3ce4
  geolocator_apple: 1560c3c875af2a412242c7a923e15d0d401966ff
  gl_canvas: 407bef82f644cfc56dc7866f5e1818e0e00f9d1b
  Google-Maps-iOS-Utils: 66d6de12be1ce6d3742a54661e7a79cb317a9321
  google_maps_flutter_ios: 0291eb2aa252298a769b04d075e4a9d747ff7264
  GoogleMaps: 8939898920281c649150e0af74aa291c60f2e77d
  HLSCachingReverseProxyServer: 59935e1e0244ad7f3375d75b5ef46e8eb26ab181
  iamport_webview_flutter: 8ba550569efb70160727ef56eac2ee5468a78cbd
  image_gallery_saver: 14711d79da40581063e8842a11acf1969d781ed7
  image_picker_ios: 7fe1ff8e34c1790d6fff70a32484959f563a928a
  keyboard_utils: fbd867a93a2f10031250f1e20c66cd4feefe9429
  libwebp: 02b23773aedb6ff1fd38cec7a77b81414c6842a8
  livetalk_sdk: 60b324a0b5a6fa49470fa045e9b88566e82f0a20
  local_auth_darwin: 553ce4f9b16d3fdfeafce9cf042e7c9f77c1c391
  Mantle: c5aa8794a29a022dfbbfc9799af95f477a69b62d
  omicall_flutter_plugin: f339ddbbd82f0850f0bf2e48d779622682124a6f
  OmiKit: 295c0183d85b83eaa216a230d8ce4bf894127dd8
  package_info_plus: 566e1b7a2f3900e4b0020914ad3fc051dcc95596
  path_provider_foundation: 080d55be775b7414fd5a5ef3ac137b97b097e564
  permission_handler_apple: 3787117e48f80715ff04a3830ca039283d6a4f29
  PINCache: d9a87a0ff397acffe9e2f0db972ac14680441158
  PINOperation: fb563bcc9c32c26d6c78aaff967d405aa2ee74a7
  pip_flutter: 5b6df9b0b92a72110a464859343764498570cbdc
  ReachabilitySwift: 32793e867593cfc1177f5d16491e3a197d2fccda
  SDWebImage: f84b0feeb08d2d11e6a9b843cb06d75ebf5b8868
  SDWebImageWebPCoder: e38c0a70396191361d60c092933e22c20d5b1380
  shared_preferences_foundation: 9e1978ff2562383bd5676f64ec4e9aa8fa06a6f7
  sqflite_darwin: 20b2a3a3b70e43edae938624ce550a3cbf66a3d0
  SwiftyGif: 706c60cf65fa2bc5ee0313beece843c8eb8194d4
  Toast: 1f5ea13423a1e6674c4abdac5be53587ae481c4e
  url_launcher_ios: 694010445543906933d732453a59da0a173ae33d
  video_compress: f2133a07762889d67f0711ac831faa26f956980e
  video_player_avfoundation: 2cef49524dd1f16c5300b9cd6efd9611ce03639b
  video_thumbnail: b637e0ad5f588ca9945f6e2c927f73a69a661140
  wakelock_plus: 8c239121a007daa1d6759c6acdc507860273dd2f
  workmanager: 01be2de7f184bd15de93a1812936a2b7f42ef07e
  ZaloSDK: 233c5cb5247bd6891f4a7d2d9505f6a2b9aa38c6

PODFILE CHECKSUM: 07146c68bc72214be280acad3eca756519554d86

COCOAPODS: 1.16.2
